{
  "requires": true,
  "lockfileVersion": 1,
  "dependencies": {
    "inputmask": {
      "version": "5.0.6-beta.57",
      "resolved": "https://registry.npmjs.org/inputmask/-/inputmask-5.0.6-beta.57.tgz",
      "integrity": "sha512-Ld/OIrDoJGMSXf9eRJSZypgZMPvK1OY7Ealt7wrl8OmFRzbil15VKlZ+IO9hTOyBVTqiv5c3rhMXPXSIqPmV+A=="
    }
  }
}
